
Microsoft Visual Studio Solution File, Format Version 12.00
# Visual Studio 15
VisualStudioVersion = 15.0.26403.7
MinimumVisualStudioVersion = 10.0.40219.1
Project("{FAE04EC0-301F-11D3-BF4B-00C04F79EFBC}") = "TimeSheet", "TimeSheet.csproj", "{857DDEA6-7436-4E3E-B864-6120A1F74BFE}"
EndProject
Global
	GlobalSection(SolutionConfigurationPlatforms) = preSolution
		Debug|Any CPU = Debug|Any CPU
		Debug|x64 = Debug|x64
		Release|Any CPU = Release|Any CPU
		Release|x64 = Release|x64
	EndGlobalSection
	GlobalSection(ProjectConfigurationPlatforms) = postSolution
		{857DDEA6-7436-4E3E-B864-6120A1F74BFE}.Debug|Any CPU.ActiveCfg = Debug|Any CPU
		{857DDEA6-7436-4E3E-B864-6120A1F74BFE}.Debug|Any CPU.Build.0 = Debug|Any CPU
		{857DDEA6-7436-4E3E-B864-6120A1F74BFE}.Debug|x64.ActiveCfg = Debug|x64
		{857DDEA6-7436-4E3E-B864-6120A1F74BFE}.Debug|x64.Build.0 = Debug|x64
		{857DDEA6-7436-4E3E-B864-6120A1F74BFE}.Release|Any CPU.ActiveCfg = Release|Any CPU
		{857DDEA6-7436-4E3E-B864-6120A1F74BFE}.Release|Any CPU.Build.0 = Release|Any CPU
		{857DDEA6-7436-4E3E-B864-6120A1F74BFE}.Release|x64.ActiveCfg = Release|x64
		{857DDEA6-7436-4E3E-B864-6120A1F74BFE}.Release|x64.Build.0 = Release|x64
	EndGlobalSection
	GlobalSection(SolutionProperties) = preSolution
		HideSolutionNode = FALSE
	EndGlobalSection
EndGlobal
